{
  "name": "artgen",
  "lockfileVersion": 3,
  "requires": true,
  "packages": {
    "": {
      "dependencies": {
        "julius-gpt": "file:../../Documents/CODE/julius-gpt",
        "node-fetch": "^3.3.1"
      }
    },
    "../../Documents/CODE/julius-gpt": {
      "version": "0.0.19",
      "license": "MIT",
      "dependencies": {
        "@dqbd/tiktoken": "^1.0.3",
        "@types/inquirer": "^9.0.3",
        "@types/marked": "^5.0.0",
        "axios": "^1.3.4",
        "chatgpt": "^5.2.2",
        "commander": "^10.0.0",
        "dotenv": "^16.0.3",
        "inquirer": "^9.1.5",
        "inquirer-autocomplete-prompt": "^3.0.0",
        "inquirer-file-tree-selection-prompt": "^2.0.5",
        "json5": "^2.2.3",
        "jsonschema": "^1.4.1",
        "marked": "^5.1.0",
        "ora": "^6.3.0",
        "p-retry": "^5.1.2"
      },
      "bin": {
        "julius": "bin/cli-exec.js"
      },
      "devDependencies": {
        "@ava/typescript": "^4.0.0",
        "@trivago/prettier-plugin-sort-imports": "^4.1.1",
        "@types/dotenv-safe": "^8.1.2",
        "@types/node": "^18.15.11",
        "@typescript-eslint/eslint-plugin": "^5.57.1",
        "@typescript-eslint/parser": "^5.57.1",
        "ava": "^5.2.0",
        "del-cli": "^5.0.0",
        "eslint": "^8.37.0",
        "eslint-config-standard": "^17.0.0",
        "eslint-plugin-import": "^2.27.5",
        "eslint-plugin-n": "^16.0.0",
        "eslint-plugin-promise": "^6.1.1",
        "npm-run-all": "^4.1.5",
        "ts-node": "^10.9.1",
        "tsconfig-paths": "^4.2.0",
        "tsup": "^6.7.0",
        "tsx": "^3.12.6",
        "typescript": "^5.0.3"
      },
      "engines": {
        "node": ">=14"
      }
    },
    "node_modules/data-uri-to-buffer": {
      "version": "4.0.1",
      "resolved": "https://registry.npmjs.org/data-uri-to-buffer/-/data-uri-to-buffer-4.0.1.tgz",
      "integrity": "sha512-0R9ikRb668HB7QDxT1vkpuUBtqc53YyAwMwGeUFKRojY/NWKvdZ+9UYtRfGmhqNbRkTSVpMbmyhXipFFv2cb/A==",
      "engines": {
        "node": ">= 12"
      }
    },
    "node_modules/fetch-blob": {
      "version": "3.2.0",
      "resolved": "https://registry.npmjs.org/fetch-blob/-/fetch-blob-3.2.0.tgz",
      "integrity": "sha512-7yAQpD2UMJzLi1Dqv7qFYnPbaPx7ZfFK6PiIxQ4PfkGPyNyl2Ugx+a/umUonmKqjhM4DnfbMvdX6otXq83soQQ==",
      "funding": [
        {
          "type": "github",
          "url": "https://github.com/sponsors/jimmywarting"
        },
        {
          "type": "paypal",
          "url": "https://paypal.me/jimmywarting"
        }
      ],
      "dependencies": {
        "node-domexception": "^1.0.0",
        "web-streams-polyfill": "^3.0.3"
      },
      "engines": {
        "node": "^12.20 || >= 14.13"
      }
    },
    "node_modules/formdata-polyfill": {
      "version": "4.0.10",
      "resolved": "https://registry.npmjs.org/formdata-polyfill/-/formdata-polyfill-4.0.10.tgz",
      "integrity": "sha512-buewHzMvYL29jdeQTVILecSaZKnt/RJWjoZCF5OW60Z67/GmSLBkOFM7qh1PI3zFNtJbaZL5eQu1vLfazOwj4g==",
      "dependencies": {
        "fetch-blob": "^3.1.2"
      },
      "engines": {
        "node": ">=12.20.0"
      }
    },
    "node_modules/julius-gpt": {
      "resolved": "../../Documents/CODE/julius-gpt",
      "link": true
    },
    "node_modules/node-domexception": {
      "version": "1.0.0",
      "resolved": "https://registry.npmjs.org/node-domexception/-/node-domexception-1.0.0.tgz",
      "integrity": "sha512-/jKZoMpw0F8GRwl4/eLROPA3cfcXtLApP0QzLmUT/HuPCZWyB7IY9ZrMeKw2O/nFIqPQB3PVM9aYm0F312AXDQ==",
      "funding": [
        {
          "type": "github",
          "url": "https://github.com/sponsors/jimmywarting"
        },
        {
          "type": "github",
          "url": "https://paypal.me/jimmywarting"
        }
      ],
      "engines": {
        "node": ">=10.5.0"
      }
    },
    "node_modules/node-fetch": {
      "version": "3.3.1",
      "resolved": "https://registry.npmjs.org/node-fetch/-/node-fetch-3.3.1.tgz",
      "integrity": "sha512-cRVc/kyto/7E5shrWca1Wsea4y6tL9iYJE5FBCius3JQfb/4P4I295PfhgbJQBLTx6lATE4z+wK0rPM4VS2uow==",
      "dependencies": {
        "data-uri-to-buffer": "^4.0.0",
        "fetch-blob": "^3.1.4",
        "formdata-polyfill": "^4.0.10"
      },
      "engines": {
        "node": "^12.20.0 || ^14.13.1 || >=16.0.0"
      },
      "funding": {
        "type": "opencollective",
        "url": "https://opencollective.com/node-fetch"
      }
    },
    "node_modules/web-streams-polyfill": {
      "version": "3.2.1",
      "resolved": "https://registry.npmjs.org/web-streams-polyfill/-/web-streams-polyfill-3.2.1.tgz",
      "integrity": "sha512-e0MO3wdXWKrLbL0DgGnUV7WHVuw9OUvL4hjgnPkIeEvESk74gAITi5G606JtZPp39cd8HA9VQzCIvA49LpPN5Q==",
      "engines": {
        "node": ">= 8"
      }
    }
  }
}
